
Microsoft Visual Studio Solution File, Format Version 11.00
# Visual Studio 2010
Project("{FAE04EC0-301F-11D3-BF4B-00C04F79EFBC}") = "Game Environment", "Assembly-CSharp-firstpass.csproj", "{CF7B288C-512E-7F15-25FD-A8A178E42ACE}"
EndProject
Project("{FAE04EC0-301F-11D3-BF4B-00C04F79EFBC}") = "Game Environment", "Assembly-CSharp.csproj", "{6222E515-C367-235B-4F92-B23243C57A93}"
EndProject
Project("{FAE04EC0-301F-11D3-BF4B-00C04F79EFBC}") = "Game Environment", "Assembly-CSharp-Editor-firstpass.csproj", "{21123872-C220-B569-7B0A-935DC3F23AEB}"
EndProject
Global
	GlobalSection(SolutionConfigurationPlatforms) = preSolution
		Debug|Any CPU = Debug|Any CPU
		Release|Any CPU = Release|Any CPU
	EndGlobalSection
	GlobalSection(ProjectConfigurationPlatforms) = postSolution
		{CF7B288C-512E-7F15-25FD-A8A178E42ACE}.Debug|Any CPU.ActiveCfg = Debug|Any CPU
		{CF7B288C-512E-7F15-25FD-A8A178E42ACE}.Debug|Any CPU.Build.0 = Debug|Any CPU
		{CF7B288C-512E-7F15-25FD-A8A178E42ACE}.Release|Any CPU.ActiveCfg = Release|Any CPU
		{CF7B288C-512E-7F15-25FD-A8A178E42ACE}.Release|Any CPU.Build.0 = Release|Any CPU
		{6222E515-C367-235B-4F92-B23243C57A93}.Debug|Any CPU.ActiveCfg = Debug|Any CPU
		{6222E515-C367-235B-4F92-B23243C57A93}.Debug|Any CPU.Build.0 = Debug|Any CPU
		{6222E515-C367-235B-4F92-B23243C57A93}.Release|Any CPU.ActiveCfg = Release|Any CPU
		{6222E515-C367-235B-4F92-B23243C57A93}.Release|Any CPU.Build.0 = Release|Any CPU
		{21123872-C220-B569-7B0A-935DC3F23AEB}.Debug|Any CPU.ActiveCfg = Debug|Any CPU
		{21123872-C220-B569-7B0A-935DC3F23AEB}.Debug|Any CPU.Build.0 = Debug|Any CPU
		{21123872-C220-B569-7B0A-935DC3F23AEB}.Release|Any CPU.ActiveCfg = Release|Any CPU
		{21123872-C220-B569-7B0A-935DC3F23AEB}.Release|Any CPU.Build.0 = Release|Any CPU
	EndGlobalSection
	GlobalSection(SolutionProperties) = preSolution
		HideSolutionNode = FALSE
	EndGlobalSection
	GlobalSection(MonoDevelopProperties) = preSolution
		StartupItem = Assembly-CSharp.csproj
	EndGlobalSection
EndGlobal
